# @generated by Move, please check-in and do not edit manually.

[move]
version = 3
manifest_digest = "CE756AF9DCC613F2FD64101872C78200092F1C9DCBA755F330550BE665D841CD"
deps_digest = "F8BBB0CCB2491CA29A3DF03D6F92277A4F3574266507ACD77214D37ECA3F3082"
dependencies = [
  { id = "Sui", name = "Sui" },
]

[[move.package]]
id = "MoveStdlib"
source = { git = "https://github.com/MystenLabs/sui.git", rev = "framework/devnet", subdir = "crates/sui-framework/packages/move-stdlib" }

[[move.package]]
id = "Sui"
source = { git = "https://github.com/MystenLabs/sui.git", rev = "framework/devnet", subdir = "crates/sui-framework/packages/sui-framework" }

dependencies = [
  { id = "MoveStdlib", name = "MoveStdlib" },
]

[move.toolchain-version]
compiler-version = "1.41.1"
edition = "2024.beta"
flavor = "sui"

[env]

[env.devnet]
chain-id = "d4b9ca36"
original-published-id = "0xb94b3020f3dd293c87cac9ea538eeef495c3b2bf75ed0ec6dabd0a12345dcf59"
latest-published-id = "0xb94b3020f3dd293c87cac9ea538eeef495c3b2bf75ed0ec6dabd0a12345dcf59"
published-version = "1"
